
Microsoft Visual Studio Solution File, Format Version 12.00
# Visual Studio Version 17
VisualStudioVersion = 17.7.34018.315
MinimumVisualStudioVersion = 10.0.40219.1
Project("{FAE04EC0-301F-11D3-BF4B-00C04F79EFBC}") = "Assignment5", "Assignment5\Assignment5.csproj", "{3812E671-02AE-4E8E-9DFC-00B6862FC29B}"
EndProject
Global
	GlobalSection(SolutionConfigurationPlatforms) = preSolution
		Debug|Any CPU = Debug|Any CPU
		Release|Any CPU = Release|Any CPU
	EndGlobalSection
	GlobalSection(ProjectConfigurationPlatforms) = postSolution
		{3812E671-02AE-4E8E-9DFC-00B6862FC29B}.Debug|Any CPU.ActiveCfg = Debug|Any CPU
		{3812E671-02AE-4E8E-9DFC-00B6862FC29B}.Debug|Any CPU.Build.0 = Debug|Any CPU
		{3812E671-02AE-4E8E-9DFC-00B6862FC29B}.Release|Any CPU.ActiveCfg = Release|Any CPU
		{3812E671-02AE-4E8E-9DFC-00B6862FC29B}.Release|Any CPU.Build.0 = Release|Any CPU
	EndGlobalSection
	GlobalSection(SolutionProperties) = preSolution
		HideSolutionNode = FALSE
	EndGlobalSection
	GlobalSection(ExtensibilityGlobals) = postSolution
		SolutionGuid = {3E24F9DB-0E47-4704-B69C-90D1BDD01AE9}
	EndGlobalSection
EndGlobal
